
Microsoft Visual Studio Solution File, Format Version 12.00
# Visual Studio 14
VisualStudioVersion = 14.0.23107.0
MinimumVisualStudioVersion = 10.0.40219.1
Project("{FAE04EC0-301F-11D3-BF4B-00C04F79EFBC}") = "ADB.Web", "ADB.Web\ADB.Web.csproj", "{5037BEC6-AB48-4F23-B97D-8A126BEE5C75}"
EndProject
Project("{FAE04EC0-301F-11D3-BF4B-00C04F79EFBC}") = "ADB.Data", "ADB.Data\ADB.Data.csproj", "{64646400-84F1-4B70-ADB4-498CCA0CEDE0}"
EndProject
Project("{FAE04EC0-301F-11D3-BF4B-00C04F79EFBC}") = "ADB.Common", "ADB.Common\ADB.Common.csproj", "{4E5D1AA3-2AF2-43FF-A1A0-322D0758F2F5}"
EndProject
Global
	GlobalSection(SolutionConfigurationPlatforms) = preSolution
		Debug|Any CPU = Debug|Any CPU
		Release|Any CPU = Release|Any CPU
	EndGlobalSection
	GlobalSection(ProjectConfigurationPlatforms) = postSolution
		{5037BEC6-AB48-4F23-B97D-8A126BEE5C75}.Debug|Any CPU.ActiveCfg = Debug|Any CPU
		{5037BEC6-AB48-4F23-B97D-8A126BEE5C75}.Debug|Any CPU.Build.0 = Debug|Any CPU
		{5037BEC6-AB48-4F23-B97D-8A126BEE5C75}.Release|Any CPU.ActiveCfg = Release|Any CPU
		{5037BEC6-AB48-4F23-B97D-8A126BEE5C75}.Release|Any CPU.Build.0 = Release|Any CPU
		{64646400-84F1-4B70-ADB4-498CCA0CEDE0}.Debug|Any CPU.ActiveCfg = Debug|Any CPU
		{64646400-84F1-4B70-ADB4-498CCA0CEDE0}.Debug|Any CPU.Build.0 = Debug|Any CPU
		{64646400-84F1-4B70-ADB4-498CCA0CEDE0}.Release|Any CPU.ActiveCfg = Release|Any CPU
		{64646400-84F1-4B70-ADB4-498CCA0CEDE0}.Release|Any CPU.Build.0 = Release|Any CPU
		{4E5D1AA3-2AF2-43FF-A1A0-322D0758F2F5}.Debug|Any CPU.ActiveCfg = Debug|Any CPU
		{4E5D1AA3-2AF2-43FF-A1A0-322D0758F2F5}.Debug|Any CPU.Build.0 = Debug|Any CPU
		{4E5D1AA3-2AF2-43FF-A1A0-322D0758F2F5}.Release|Any CPU.ActiveCfg = Release|Any CPU
		{4E5D1AA3-2AF2-43FF-A1A0-322D0758F2F5}.Release|Any CPU.Build.0 = Release|Any CPU
	EndGlobalSection
	GlobalSection(SolutionProperties) = preSolution
		HideSolutionNode = FALSE
	EndGlobalSection
EndGlobal
