
Microsoft Visual Studio Solution File, Format Version 12.00
# Visual Studio 14
VisualStudioVersion = 14.0.23107.0
MinimumVisualStudioVersion = 10.0.40219.1
Project("{FAE04EC0-301F-11D3-BF4B-00C04F79EFBC}") = "ADB.Web", "ADB.Web\ADB.Web.csproj", "{5037BEC6-AB48-4F23-B97D-8A126BEE5C75}"
EndProject
Project("{FAE04EC0-301F-11D3-BF4B-00C04F79EFBC}") = "ADB.Data", "ADB.Data\ADB.Data.csproj", "{64646400-84F1-4B70-ADB4-498CCA0CEDE0}"
EndProject
Project("{FAE04EC0-301F-11D3-BF4B-00C04F79EFBC}") = "ADB.Common", "ADB.Common\ADB.Common.csproj", "{4E5D1AA3-2AF2-43FF-A1A0-322D0758F2F5}"
EndProject
Project("{FAE04EC0-301F-11D3-BF4B-00C04F79EFBC}") = "ADB.Logic", "ADB.Logic\ADB.Logic.csproj", "{687FABEB-AD99-4943-9015-A77DA4D98E30}"
EndProject
Project("{2150E333-8FDC-42A3-9474-1A3956D46DE8}") = "Levshits.Libraries", "Levshits.Libraries", "{953AA73C-3FFD-4AAD-89A3-6FC5CA8B0D48}"
EndProject
Project("{FAE04EC0-301F-11D3-BF4B-00C04F79EFBC}") = "Levshits.Data", "..\Levshits.Libraries\Levshits.Data\Levshits.Data.csproj", "{096BE68F-D51F-4620-AFF4-304ED4AFA547}"
EndProject
Project("{FAE04EC0-301F-11D3-BF4B-00C04F79EFBC}") = "Levshits.Logic", "..\Levshits.Libraries\Levshits.Logic\Levshits.Logic.csproj", "{C071B4B7-811F-45EB-8248-246E95393B9E}"
EndProject
Project("{FAE04EC0-301F-11D3-BF4B-00C04F79EFBC}") = "Levshits.Web.Common", "..\Levshits.Libraries\Levshits.Web.Common\Levshits.Web.Common.csproj", "{7DF9F615-C055-42A7-B699-17EE9A87EE14}"
EndProject
Global
	GlobalSection(SolutionConfigurationPlatforms) = preSolution
		Debug|Any CPU = Debug|Any CPU
		Release|Any CPU = Release|Any CPU
	EndGlobalSection
	GlobalSection(ProjectConfigurationPlatforms) = postSolution
		{5037BEC6-AB48-4F23-B97D-8A126BEE5C75}.Debug|Any CPU.ActiveCfg = Debug|Any CPU
		{5037BEC6-AB48-4F23-B97D-8A126BEE5C75}.Debug|Any CPU.Build.0 = Debug|Any CPU
		{5037BEC6-AB48-4F23-B97D-8A126BEE5C75}.Release|Any CPU.ActiveCfg = Release|Any CPU
		{5037BEC6-AB48-4F23-B97D-8A126BEE5C75}.Release|Any CPU.Build.0 = Release|Any CPU
		{64646400-84F1-4B70-ADB4-498CCA0CEDE0}.Debug|Any CPU.ActiveCfg = Debug|Any CPU
		{64646400-84F1-4B70-ADB4-498CCA0CEDE0}.Debug|Any CPU.Build.0 = Debug|Any CPU
		{64646400-84F1-4B70-ADB4-498CCA0CEDE0}.Release|Any CPU.ActiveCfg = Release|Any CPU
		{64646400-84F1-4B70-ADB4-498CCA0CEDE0}.Release|Any CPU.Build.0 = Release|Any CPU
		{4E5D1AA3-2AF2-43FF-A1A0-322D0758F2F5}.Debug|Any CPU.ActiveCfg = Debug|Any CPU
		{4E5D1AA3-2AF2-43FF-A1A0-322D0758F2F5}.Debug|Any CPU.Build.0 = Debug|Any CPU
		{4E5D1AA3-2AF2-43FF-A1A0-322D0758F2F5}.Release|Any CPU.ActiveCfg = Release|Any CPU
		{4E5D1AA3-2AF2-43FF-A1A0-322D0758F2F5}.Release|Any CPU.Build.0 = Release|Any CPU
		{687FABEB-AD99-4943-9015-A77DA4D98E30}.Debug|Any CPU.ActiveCfg = Debug|Any CPU
		{687FABEB-AD99-4943-9015-A77DA4D98E30}.Debug|Any CPU.Build.0 = Debug|Any CPU
		{687FABEB-AD99-4943-9015-A77DA4D98E30}.Release|Any CPU.ActiveCfg = Release|Any CPU
		{687FABEB-AD99-4943-9015-A77DA4D98E30}.Release|Any CPU.Build.0 = Release|Any CPU
		{096BE68F-D51F-4620-AFF4-304ED4AFA547}.Debug|Any CPU.ActiveCfg = Debug|Any CPU
		{096BE68F-D51F-4620-AFF4-304ED4AFA547}.Debug|Any CPU.Build.0 = Debug|Any CPU
		{096BE68F-D51F-4620-AFF4-304ED4AFA547}.Release|Any CPU.ActiveCfg = Release|Any CPU
		{096BE68F-D51F-4620-AFF4-304ED4AFA547}.Release|Any CPU.Build.0 = Release|Any CPU
		{C071B4B7-811F-45EB-8248-246E95393B9E}.Debug|Any CPU.ActiveCfg = Debug|Any CPU
		{C071B4B7-811F-45EB-8248-246E95393B9E}.Debug|Any CPU.Build.0 = Debug|Any CPU
		{C071B4B7-811F-45EB-8248-246E95393B9E}.Release|Any CPU.ActiveCfg = Release|Any CPU
		{C071B4B7-811F-45EB-8248-246E95393B9E}.Release|Any CPU.Build.0 = Release|Any CPU
		{7DF9F615-C055-42A7-B699-17EE9A87EE14}.Debug|Any CPU.ActiveCfg = Debug|Any CPU
		{7DF9F615-C055-42A7-B699-17EE9A87EE14}.Debug|Any CPU.Build.0 = Debug|Any CPU
		{7DF9F615-C055-42A7-B699-17EE9A87EE14}.Release|Any CPU.ActiveCfg = Release|Any CPU
		{7DF9F615-C055-42A7-B699-17EE9A87EE14}.Release|Any CPU.Build.0 = Release|Any CPU
	EndGlobalSection
	GlobalSection(SolutionProperties) = preSolution
		HideSolutionNode = FALSE
	EndGlobalSection
	GlobalSection(NestedProjects) = preSolution
		{096BE68F-D51F-4620-AFF4-304ED4AFA547} = {953AA73C-3FFD-4AAD-89A3-6FC5CA8B0D48}
		{C071B4B7-811F-45EB-8248-246E95393B9E} = {953AA73C-3FFD-4AAD-89A3-6FC5CA8B0D48}
		{7DF9F615-C055-42A7-B699-17EE9A87EE14} = {953AA73C-3FFD-4AAD-89A3-6FC5CA8B0D48}
	EndGlobalSection
EndGlobal
